
Microsoft Visual Studio Solution File, Format Version 12.00
# Visual Studio Version 16
VisualStudioVersion = 16.0.29201.188
MinimumVisualStudioVersion = 10.0.40219.1
Project("{FAE04EC0-301F-11D3-BF4B-00C04F79EFBC}") = "Shop.Common", "Shop.Common\Shop.Common.csproj", "{4D0A31E6-5890-4388-8DF2-86634AEDA9DD}"
EndProject
Project("{2150E333-8FDC-42A3-9474-1A3956D46DE8}") = "Backend", "Backend", "{FA742EF4-B2E8-44AC-B80D-27CE7E4484C0}"
EndProject
Project("{2150E333-8FDC-42A3-9474-1A3956D46DE8}") = "Frontend", "Frontend", "{069B765D-578A-4134-BC6F-14FE2535F6FD}"
EndProject
Project("{FAE04EC0-301F-11D3-BF4B-00C04F79EFBC}") = "Shop.Web", "Shop.Web\Shop.Web.csproj", "{E6155F26-757E-463B-972B-72DF0CE8AECC}"
EndProject
Project("{2150E333-8FDC-42A3-9474-1A3956D46DE8}") = "Forms", "Forms", "{2C5CCE31-49B5-4625-B3D1-423E28FBCE33}"
EndProject
Project("{2150E333-8FDC-42A3-9474-1A3956D46DE8}") = "Classic", "Classic", "{79BB53DB-64D8-4CD4-A83F-42A757251285}"
EndProject
Project("{FAE04EC0-301F-11D3-BF4B-00C04F79EFBC}") = "Shop.UIForms.Android", "Shop.UIForms\Shop.UIForms.Android\Shop.UIForms.Android.csproj", "{8E8196DE-E6BD-4902-93CD-C6A33920B543}"
EndProject
Project("{FAE04EC0-301F-11D3-BF4B-00C04F79EFBC}") = "Shop.UIForms.iOS", "Shop.UIForms\Shop.UIForms.iOS\Shop.UIForms.iOS.csproj", "{89599EA6-F569-4014-8812-16BF88927FC5}"
EndProject
Project("{FAE04EC0-301F-11D3-BF4B-00C04F79EFBC}") = "Shop.UIForms", "Shop.UIForms\Shop.UIForms\Shop.UIForms.csproj", "{D4B11EE5-9DA5-490F-84F3-0EC1F82DCEC3}"
EndProject
Project("{FAE04EC0-301F-11D3-BF4B-00C04F79EFBC}") = "Shop.UIClassic", "Shop.UIClassic\Shop.UIClassic.csproj", "{BFD61751-3839-4847-9220-EFE1E71A8E6E}"
EndProject
Project("{FAE04EC0-301F-11D3-BF4B-00C04F79EFBC}") = "Shop.UIClassic.Android", "Shop.UIClassic.Android\Shop.UIClassic.Android.csproj", "{E685F7F2-D000-497B-B07C-398977A8B742}"
EndProject
Project("{FAE04EC0-301F-11D3-BF4B-00C04F79EFBC}") = "Shop.UIClassic.iOS", "Shop.UIClassic.iOS\Shop.UIClassic.iOS.csproj", "{8050D2CD-9C0D-46D4-8388-FFB8FB1B10C9}"
EndProject
Global
	GlobalSection(SolutionConfigurationPlatforms) = preSolution
		Debug|Any CPU = Debug|Any CPU
		Debug|iPhone = Debug|iPhone
		Debug|iPhoneSimulator = Debug|iPhoneSimulator
		Release|Any CPU = Release|Any CPU
		Release|iPhone = Release|iPhone
		Release|iPhoneSimulator = Release|iPhoneSimulator
	EndGlobalSection
	GlobalSection(ProjectConfigurationPlatforms) = postSolution
		{4D0A31E6-5890-4388-8DF2-86634AEDA9DD}.Debug|Any CPU.ActiveCfg = Debug|Any CPU
		{4D0A31E6-5890-4388-8DF2-86634AEDA9DD}.Debug|Any CPU.Build.0 = Debug|Any CPU
		{4D0A31E6-5890-4388-8DF2-86634AEDA9DD}.Debug|iPhone.ActiveCfg = Debug|Any CPU
		{4D0A31E6-5890-4388-8DF2-86634AEDA9DD}.Debug|iPhone.Build.0 = Debug|Any CPU
		{4D0A31E6-5890-4388-8DF2-86634AEDA9DD}.Debug|iPhoneSimulator.ActiveCfg = Debug|Any CPU
		{4D0A31E6-5890-4388-8DF2-86634AEDA9DD}.Debug|iPhoneSimulator.Build.0 = Debug|Any CPU
		{4D0A31E6-5890-4388-8DF2-86634AEDA9DD}.Release|Any CPU.ActiveCfg = Release|Any CPU
		{4D0A31E6-5890-4388-8DF2-86634AEDA9DD}.Release|Any CPU.Build.0 = Release|Any CPU
		{4D0A31E6-5890-4388-8DF2-86634AEDA9DD}.Release|iPhone.ActiveCfg = Release|Any CPU
		{4D0A31E6-5890-4388-8DF2-86634AEDA9DD}.Release|iPhone.Build.0 = Release|Any CPU
		{4D0A31E6-5890-4388-8DF2-86634AEDA9DD}.Release|iPhoneSimulator.ActiveCfg = Release|Any CPU
		{4D0A31E6-5890-4388-8DF2-86634AEDA9DD}.Release|iPhoneSimulator.Build.0 = Release|Any CPU
		{E6155F26-757E-463B-972B-72DF0CE8AECC}.Debug|Any CPU.ActiveCfg = Debug|Any CPU
		{E6155F26-757E-463B-972B-72DF0CE8AECC}.Debug|Any CPU.Build.0 = Debug|Any CPU
		{E6155F26-757E-463B-972B-72DF0CE8AECC}.Debug|iPhone.ActiveCfg = Debug|Any CPU
		{E6155F26-757E-463B-972B-72DF0CE8AECC}.Debug|iPhone.Build.0 = Debug|Any CPU
		{E6155F26-757E-463B-972B-72DF0CE8AECC}.Debug|iPhoneSimulator.ActiveCfg = Debug|Any CPU
		{E6155F26-757E-463B-972B-72DF0CE8AECC}.Debug|iPhoneSimulator.Build.0 = Debug|Any CPU
		{E6155F26-757E-463B-972B-72DF0CE8AECC}.Release|Any CPU.ActiveCfg = Release|Any CPU
		{E6155F26-757E-463B-972B-72DF0CE8AECC}.Release|Any CPU.Build.0 = Release|Any CPU
		{E6155F26-757E-463B-972B-72DF0CE8AECC}.Release|iPhone.ActiveCfg = Release|Any CPU
		{E6155F26-757E-463B-972B-72DF0CE8AECC}.Release|iPhone.Build.0 = Release|Any CPU
		{E6155F26-757E-463B-972B-72DF0CE8AECC}.Release|iPhoneSimulator.ActiveCfg = Release|Any CPU
		{E6155F26-757E-463B-972B-72DF0CE8AECC}.Release|iPhoneSimulator.Build.0 = Release|Any CPU
		{8E8196DE-E6BD-4902-93CD-C6A33920B543}.Debug|Any CPU.ActiveCfg = Debug|Any CPU
		{8E8196DE-E6BD-4902-93CD-C6A33920B543}.Debug|Any CPU.Build.0 = Debug|Any CPU
		{8E8196DE-E6BD-4902-93CD-C6A33920B543}.Debug|Any CPU.Deploy.0 = Debug|Any CPU
		{8E8196DE-E6BD-4902-93CD-C6A33920B543}.Debug|iPhone.ActiveCfg = Debug|Any CPU
		{8E8196DE-E6BD-4902-93CD-C6A33920B543}.Debug|iPhone.Build.0 = Debug|Any CPU
		{8E8196DE-E6BD-4902-93CD-C6A33920B543}.Debug|iPhone.Deploy.0 = Debug|Any CPU
		{8E8196DE-E6BD-4902-93CD-C6A33920B543}.Debug|iPhoneSimulator.ActiveCfg = Debug|Any CPU
		{8E8196DE-E6BD-4902-93CD-C6A33920B543}.Debug|iPhoneSimulator.Build.0 = Debug|Any CPU
		{8E8196DE-E6BD-4902-93CD-C6A33920B543}.Debug|iPhoneSimulator.Deploy.0 = Debug|Any CPU
		{8E8196DE-E6BD-4902-93CD-C6A33920B543}.Release|Any CPU.ActiveCfg = Release|Any CPU
		{8E8196DE-E6BD-4902-93CD-C6A33920B543}.Release|Any CPU.Build.0 = Release|Any CPU
		{8E8196DE-E6BD-4902-93CD-C6A33920B543}.Release|Any CPU.Deploy.0 = Release|Any CPU
		{8E8196DE-E6BD-4902-93CD-C6A33920B543}.Release|iPhone.ActiveCfg = Release|Any CPU
		{8E8196DE-E6BD-4902-93CD-C6A33920B543}.Release|iPhone.Build.0 = Release|Any CPU
		{8E8196DE-E6BD-4902-93CD-C6A33920B543}.Release|iPhone.Deploy.0 = Release|Any CPU
		{8E8196DE-E6BD-4902-93CD-C6A33920B543}.Release|iPhoneSimulator.ActiveCfg = Release|Any CPU
		{8E8196DE-E6BD-4902-93CD-C6A33920B543}.Release|iPhoneSimulator.Build.0 = Release|Any CPU
		{8E8196DE-E6BD-4902-93CD-C6A33920B543}.Release|iPhoneSimulator.Deploy.0 = Release|Any CPU
		{89599EA6-F569-4014-8812-16BF88927FC5}.Debug|Any CPU.ActiveCfg = Debug|iPhone
		{89599EA6-F569-4014-8812-16BF88927FC5}.Debug|iPhone.ActiveCfg = Debug|iPhone
		{89599EA6-F569-4014-8812-16BF88927FC5}.Debug|iPhone.Build.0 = Debug|iPhone
		{89599EA6-F569-4014-8812-16BF88927FC5}.Debug|iPhoneSimulator.ActiveCfg = Debug|iPhoneSimulator
		{89599EA6-F569-4014-8812-16BF88927FC5}.Debug|iPhoneSimulator.Build.0 = Debug|iPhoneSimulator
		{89599EA6-F569-4014-8812-16BF88927FC5}.Release|Any CPU.ActiveCfg = Release|iPhone
		{89599EA6-F569-4014-8812-16BF88927FC5}.Release|iPhone.ActiveCfg = Release|iPhone
		{89599EA6-F569-4014-8812-16BF88927FC5}.Release|iPhone.Build.0 = Release|iPhone
		{89599EA6-F569-4014-8812-16BF88927FC5}.Release|iPhoneSimulator.ActiveCfg = Release|iPhoneSimulator
		{89599EA6-F569-4014-8812-16BF88927FC5}.Release|iPhoneSimulator.Build.0 = Release|iPhoneSimulator
		{D4B11EE5-9DA5-490F-84F3-0EC1F82DCEC3}.Debug|Any CPU.ActiveCfg = Debug|Any CPU
		{D4B11EE5-9DA5-490F-84F3-0EC1F82DCEC3}.Debug|Any CPU.Build.0 = Debug|Any CPU
		{D4B11EE5-9DA5-490F-84F3-0EC1F82DCEC3}.Debug|iPhone.ActiveCfg = Debug|Any CPU
		{D4B11EE5-9DA5-490F-84F3-0EC1F82DCEC3}.Debug|iPhone.Build.0 = Debug|Any CPU
		{D4B11EE5-9DA5-490F-84F3-0EC1F82DCEC3}.Debug|iPhoneSimulator.ActiveCfg = Debug|Any CPU
		{D4B11EE5-9DA5-490F-84F3-0EC1F82DCEC3}.Debug|iPhoneSimulator.Build.0 = Debug|Any CPU
		{D4B11EE5-9DA5-490F-84F3-0EC1F82DCEC3}.Release|Any CPU.ActiveCfg = Release|Any CPU
		{D4B11EE5-9DA5-490F-84F3-0EC1F82DCEC3}.Release|Any CPU.Build.0 = Release|Any CPU
		{D4B11EE5-9DA5-490F-84F3-0EC1F82DCEC3}.Release|iPhone.ActiveCfg = Release|Any CPU
		{D4B11EE5-9DA5-490F-84F3-0EC1F82DCEC3}.Release|iPhone.Build.0 = Release|Any CPU
		{D4B11EE5-9DA5-490F-84F3-0EC1F82DCEC3}.Release|iPhoneSimulator.ActiveCfg = Release|Any CPU
		{D4B11EE5-9DA5-490F-84F3-0EC1F82DCEC3}.Release|iPhoneSimulator.Build.0 = Release|Any CPU
		{BFD61751-3839-4847-9220-EFE1E71A8E6E}.Debug|Any CPU.ActiveCfg = Debug|Any CPU
		{BFD61751-3839-4847-9220-EFE1E71A8E6E}.Debug|Any CPU.Build.0 = Debug|Any CPU
		{BFD61751-3839-4847-9220-EFE1E71A8E6E}.Debug|iPhone.ActiveCfg = Debug|Any CPU
		{BFD61751-3839-4847-9220-EFE1E71A8E6E}.Debug|iPhone.Build.0 = Debug|Any CPU
		{BFD61751-3839-4847-9220-EFE1E71A8E6E}.Debug|iPhoneSimulator.ActiveCfg = Debug|Any CPU
		{BFD61751-3839-4847-9220-EFE1E71A8E6E}.Debug|iPhoneSimulator.Build.0 = Debug|Any CPU
		{BFD61751-3839-4847-9220-EFE1E71A8E6E}.Release|Any CPU.ActiveCfg = Release|Any CPU
		{BFD61751-3839-4847-9220-EFE1E71A8E6E}.Release|Any CPU.Build.0 = Release|Any CPU
		{BFD61751-3839-4847-9220-EFE1E71A8E6E}.Release|iPhone.ActiveCfg = Release|Any CPU
		{BFD61751-3839-4847-9220-EFE1E71A8E6E}.Release|iPhone.Build.0 = Release|Any CPU
		{BFD61751-3839-4847-9220-EFE1E71A8E6E}.Release|iPhoneSimulator.ActiveCfg = Release|Any CPU
		{BFD61751-3839-4847-9220-EFE1E71A8E6E}.Release|iPhoneSimulator.Build.0 = Release|Any CPU
		{E685F7F2-D000-497B-B07C-398977A8B742}.Debug|Any CPU.ActiveCfg = Debug|Any CPU
		{E685F7F2-D000-497B-B07C-398977A8B742}.Debug|Any CPU.Build.0 = Debug|Any CPU
		{E685F7F2-D000-497B-B07C-398977A8B742}.Debug|Any CPU.Deploy.0 = Debug|Any CPU
		{E685F7F2-D000-497B-B07C-398977A8B742}.Debug|iPhone.ActiveCfg = Debug|Any CPU
		{E685F7F2-D000-497B-B07C-398977A8B742}.Debug|iPhone.Build.0 = Debug|Any CPU
		{E685F7F2-D000-497B-B07C-398977A8B742}.Debug|iPhone.Deploy.0 = Debug|Any CPU
		{E685F7F2-D000-497B-B07C-398977A8B742}.Debug|iPhoneSimulator.ActiveCfg = Debug|Any CPU
		{E685F7F2-D000-497B-B07C-398977A8B742}.Debug|iPhoneSimulator.Build.0 = Debug|Any CPU
		{E685F7F2-D000-497B-B07C-398977A8B742}.Debug|iPhoneSimulator.Deploy.0 = Debug|Any CPU
		{E685F7F2-D000-497B-B07C-398977A8B742}.Release|Any CPU.ActiveCfg = Release|Any CPU
		{E685F7F2-D000-497B-B07C-398977A8B742}.Release|Any CPU.Build.0 = Release|Any CPU
		{E685F7F2-D000-497B-B07C-398977A8B742}.Release|Any CPU.Deploy.0 = Release|Any CPU
		{E685F7F2-D000-497B-B07C-398977A8B742}.Release|iPhone.ActiveCfg = Release|Any CPU
		{E685F7F2-D000-497B-B07C-398977A8B742}.Release|iPhone.Build.0 = Release|Any CPU
		{E685F7F2-D000-497B-B07C-398977A8B742}.Release|iPhone.Deploy.0 = Release|Any CPU
		{E685F7F2-D000-497B-B07C-398977A8B742}.Release|iPhoneSimulator.ActiveCfg = Release|Any CPU
		{E685F7F2-D000-497B-B07C-398977A8B742}.Release|iPhoneSimulator.Build.0 = Release|Any CPU
		{E685F7F2-D000-497B-B07C-398977A8B742}.Release|iPhoneSimulator.Deploy.0 = Release|Any CPU
		{8050D2CD-9C0D-46D4-8388-FFB8FB1B10C9}.Debug|Any CPU.ActiveCfg = Debug|iPhone
		{8050D2CD-9C0D-46D4-8388-FFB8FB1B10C9}.Debug|iPhone.ActiveCfg = Debug|iPhone
		{8050D2CD-9C0D-46D4-8388-FFB8FB1B10C9}.Debug|iPhone.Build.0 = Debug|iPhone
		{8050D2CD-9C0D-46D4-8388-FFB8FB1B10C9}.Debug|iPhoneSimulator.ActiveCfg = Debug|iPhoneSimulator
		{8050D2CD-9C0D-46D4-8388-FFB8FB1B10C9}.Debug|iPhoneSimulator.Build.0 = Debug|iPhoneSimulator
		{8050D2CD-9C0D-46D4-8388-FFB8FB1B10C9}.Release|Any CPU.ActiveCfg = Release|iPhone
		{8050D2CD-9C0D-46D4-8388-FFB8FB1B10C9}.Release|iPhone.ActiveCfg = Release|iPhone
		{8050D2CD-9C0D-46D4-8388-FFB8FB1B10C9}.Release|iPhone.Build.0 = Release|iPhone
		{8050D2CD-9C0D-46D4-8388-FFB8FB1B10C9}.Release|iPhoneSimulator.ActiveCfg = Release|iPhoneSimulator
		{8050D2CD-9C0D-46D4-8388-FFB8FB1B10C9}.Release|iPhoneSimulator.Build.0 = Release|iPhoneSimulator
	EndGlobalSection
	GlobalSection(SolutionProperties) = preSolution
		HideSolutionNode = FALSE
	EndGlobalSection
	GlobalSection(NestedProjects) = preSolution
		{E6155F26-757E-463B-972B-72DF0CE8AECC} = {FA742EF4-B2E8-44AC-B80D-27CE7E4484C0}
		{2C5CCE31-49B5-4625-B3D1-423E28FBCE33} = {069B765D-578A-4134-BC6F-14FE2535F6FD}
		{79BB53DB-64D8-4CD4-A83F-42A757251285} = {069B765D-578A-4134-BC6F-14FE2535F6FD}
		{8E8196DE-E6BD-4902-93CD-C6A33920B543} = {2C5CCE31-49B5-4625-B3D1-423E28FBCE33}
		{89599EA6-F569-4014-8812-16BF88927FC5} = {2C5CCE31-49B5-4625-B3D1-423E28FBCE33}
		{D4B11EE5-9DA5-490F-84F3-0EC1F82DCEC3} = {2C5CCE31-49B5-4625-B3D1-423E28FBCE33}
		{BFD61751-3839-4847-9220-EFE1E71A8E6E} = {79BB53DB-64D8-4CD4-A83F-42A757251285}
		{E685F7F2-D000-497B-B07C-398977A8B742} = {79BB53DB-64D8-4CD4-A83F-42A757251285}
		{8050D2CD-9C0D-46D4-8388-FFB8FB1B10C9} = {79BB53DB-64D8-4CD4-A83F-42A757251285}
	EndGlobalSection
	GlobalSection(ExtensibilityGlobals) = postSolution
		SolutionGuid = {0EE063E2-A5EB-4E83-8E53-A51CC54B3315}
	EndGlobalSection
EndGlobal
